{
  "pins" : [
    {
      "identity" : "floatingbutton",
      "kind" : "remoteSourceControl",
      "location" : "https://github.com/exyte/FloatingButton",
      "state" : {
        "revision" : "0fcbf6c1eed0450382fb8b0efd07f3d82a35da6d",
        "version" : "1.1.5"
      }
    }
  ],
  "version" : 2
}
